
Microsoft Visual Studio Solution File, Format Version 11.00
# Visual Studio 2010
Project("{FAE04EC0-301F-11D3-BF4B-00C04F79EFBC}") = "VRC.Udon.Serialization.OdinSerializer", "VRC.Udon.Serialization.OdinSerializer.csproj", "{4d04e9d7-5376-b0fe-2afa-1f0b8890e53c}"
EndProject
Project("{FAE04EC0-301F-11D3-BF4B-00C04F79EFBC}") = "VRC.Udon", "VRC.Udon.csproj", "{0107653f-d5ba-2f70-9aee-6f4ff7218305}"
EndProject
Project("{FAE04EC0-301F-11D3-BF4B-00C04F79EFBC}") = "Assembly-CSharp", "Assembly-CSharp.csproj", "{05a61aaa-db82-c2e9-ba75-83ee43451c9f}"
EndProject
Project("{FAE04EC0-301F-11D3-BF4B-00C04F79EFBC}") = "UdonSharp.Runtime", "UdonSharp.Runtime.csproj", "{165ecc09-dbac-0948-79a7-558d3305c6ae}"
EndProject
Project("{FAE04EC0-301F-11D3-BF4B-00C04F79EFBC}") = "BakeryRuntimeAssembly", "BakeryRuntimeAssembly.csproj", "{1eb8c331-6e24-95b8-9d29-2b20f6f52097}"
EndProject
Project("{FAE04EC0-301F-11D3-BF4B-00C04F79EFBC}") = "Sirenix.OdinInspector.CompatibilityLayer", "Sirenix.OdinInspector.CompatibilityLayer.csproj", "{c55fbcef-f8d9-9544-591d-c1314771464c}"
EndProject
Project("{FAE04EC0-301F-11D3-BF4B-00C04F79EFBC}") = "VRC.SDKBase.Editor.BuildPipeline", "VRC.SDKBase.Editor.BuildPipeline.csproj", "{b9eb2564-20a4-35d7-46c8-d45bca2040ad}"
EndProject
Project("{FAE04EC0-301F-11D3-BF4B-00C04F79EFBC}") = "VRC.Udon.Editor", "VRC.Udon.Editor.csproj", "{cbd9253c-f37a-d2f4-8fa8-28a96a85993d}"
EndProject
Project("{FAE04EC0-301F-11D3-BF4B-00C04F79EFBC}") = "UdonSharp.Editor", "UdonSharp.Editor.csproj", "{fa0d0867-5e47-0879-1295-04dcc97f7f11}"
EndProject
Project("{FAE04EC0-301F-11D3-BF4B-00C04F79EFBC}") = "Assembly-CSharp-Editor", "Assembly-CSharp-Editor.csproj", "{332f4bb9-fcf7-55b7-f5c0-0fa93fbbf83e}"
EndProject
Project("{FAE04EC0-301F-11D3-BF4B-00C04F79EFBC}") = "BakeryEditorAssembly", "BakeryEditorAssembly.csproj", "{5e4aa942-ac9d-2535-fc8e-287d80c7cdbd}"
EndProject
Project("{FAE04EC0-301F-11D3-BF4B-00C04F79EFBC}") = "Sirenix.OdinInspector.CompatibilityLayer.Editor", "Sirenix.OdinInspector.CompatibilityLayer.Editor.csproj", "{55bb0dc6-0ee1-0ff0-bf75-c35846a506b9}"
EndProject
Project("{FAE04EC0-301F-11D3-BF4B-00C04F79EFBC}") = "VRC.SDKBase.Editor.ShaderStripping", "VRC.SDKBase.Editor.ShaderStripping.csproj", "{4e9bb337-7cac-42d9-0fe8-ea6df576e798}"
EndProject
Project("{FAE04EC0-301F-11D3-BF4B-00C04F79EFBC}") = "Assembly-CSharp-Editor-firstpass", "Assembly-CSharp-Editor-firstpass.csproj", "{3b7c1bbb-c088-91d4-f392-721966d27baf}"
EndProject
Project("{FAE04EC0-301F-11D3-BF4B-00C04F79EFBC}") = "UnityEditorTests", "UnityEditorTests.csproj", "{11ce10a6-8a4e-c5ca-aac2-fe1857db6b63}"
EndProject
Project("{FAE04EC0-301F-11D3-BF4B-00C04F79EFBC}") = "VRC.Udon.Editor.UPMImporter", "VRC.Udon.Editor.UPMImporter.csproj", "{7c068e62-2b72-d9ea-b21c-9dc7078c1993}"
EndProject
Global
	GlobalSection(SolutionConfigurationPlatforms) = preSolution
		Debug|Any CPU = Debug|Any CPU
		Release|Any CPU = Release|Any CPU
	EndGlobalSection
	GlobalSection(ProjectConfigurationPlatforms) = postSolution
		{4d04e9d7-5376-b0fe-2afa-1f0b8890e53c}.Debug|Any CPU.ActiveCfg = Debug|Any CPU
		{4d04e9d7-5376-b0fe-2afa-1f0b8890e53c}.Debug|Any CPU.Build.0 = Debug|Any CPU
		{4d04e9d7-5376-b0fe-2afa-1f0b8890e53c}.Release|Any CPU.ActiveCfg = Release|Any CPU
		{4d04e9d7-5376-b0fe-2afa-1f0b8890e53c}.Release|Any CPU.Build.0 = Release|Any CPU
		{0107653f-d5ba-2f70-9aee-6f4ff7218305}.Debug|Any CPU.ActiveCfg = Debug|Any CPU
		{0107653f-d5ba-2f70-9aee-6f4ff7218305}.Debug|Any CPU.Build.0 = Debug|Any CPU
		{0107653f-d5ba-2f70-9aee-6f4ff7218305}.Release|Any CPU.ActiveCfg = Release|Any CPU
		{0107653f-d5ba-2f70-9aee-6f4ff7218305}.Release|Any CPU.Build.0 = Release|Any CPU
		{05a61aaa-db82-c2e9-ba75-83ee43451c9f}.Debug|Any CPU.ActiveCfg = Debug|Any CPU
		{05a61aaa-db82-c2e9-ba75-83ee43451c9f}.Debug|Any CPU.Build.0 = Debug|Any CPU
		{05a61aaa-db82-c2e9-ba75-83ee43451c9f}.Release|Any CPU.ActiveCfg = Release|Any CPU
		{05a61aaa-db82-c2e9-ba75-83ee43451c9f}.Release|Any CPU.Build.0 = Release|Any CPU
		{165ecc09-dbac-0948-79a7-558d3305c6ae}.Debug|Any CPU.ActiveCfg = Debug|Any CPU
		{165ecc09-dbac-0948-79a7-558d3305c6ae}.Debug|Any CPU.Build.0 = Debug|Any CPU
		{165ecc09-dbac-0948-79a7-558d3305c6ae}.Release|Any CPU.ActiveCfg = Release|Any CPU
		{165ecc09-dbac-0948-79a7-558d3305c6ae}.Release|Any CPU.Build.0 = Release|Any CPU
		{1eb8c331-6e24-95b8-9d29-2b20f6f52097}.Debug|Any CPU.ActiveCfg = Debug|Any CPU
		{1eb8c331-6e24-95b8-9d29-2b20f6f52097}.Debug|Any CPU.Build.0 = Debug|Any CPU
		{1eb8c331-6e24-95b8-9d29-2b20f6f52097}.Release|Any CPU.ActiveCfg = Release|Any CPU
		{1eb8c331-6e24-95b8-9d29-2b20f6f52097}.Release|Any CPU.Build.0 = Release|Any CPU
		{c55fbcef-f8d9-9544-591d-c1314771464c}.Debug|Any CPU.ActiveCfg = Debug|Any CPU
		{c55fbcef-f8d9-9544-591d-c1314771464c}.Debug|Any CPU.Build.0 = Debug|Any CPU
		{c55fbcef-f8d9-9544-591d-c1314771464c}.Release|Any CPU.ActiveCfg = Release|Any CPU
		{c55fbcef-f8d9-9544-591d-c1314771464c}.Release|Any CPU.Build.0 = Release|Any CPU
		{b9eb2564-20a4-35d7-46c8-d45bca2040ad}.Debug|Any CPU.ActiveCfg = Debug|Any CPU
		{b9eb2564-20a4-35d7-46c8-d45bca2040ad}.Debug|Any CPU.Build.0 = Debug|Any CPU
		{b9eb2564-20a4-35d7-46c8-d45bca2040ad}.Release|Any CPU.ActiveCfg = Release|Any CPU
		{b9eb2564-20a4-35d7-46c8-d45bca2040ad}.Release|Any CPU.Build.0 = Release|Any CPU
		{cbd9253c-f37a-d2f4-8fa8-28a96a85993d}.Debug|Any CPU.ActiveCfg = Debug|Any CPU
		{cbd9253c-f37a-d2f4-8fa8-28a96a85993d}.Debug|Any CPU.Build.0 = Debug|Any CPU
		{cbd9253c-f37a-d2f4-8fa8-28a96a85993d}.Release|Any CPU.ActiveCfg = Release|Any CPU
		{cbd9253c-f37a-d2f4-8fa8-28a96a85993d}.Release|Any CPU.Build.0 = Release|Any CPU
		{fa0d0867-5e47-0879-1295-04dcc97f7f11}.Debug|Any CPU.ActiveCfg = Debug|Any CPU
		{fa0d0867-5e47-0879-1295-04dcc97f7f11}.Debug|Any CPU.Build.0 = Debug|Any CPU
		{fa0d0867-5e47-0879-1295-04dcc97f7f11}.Release|Any CPU.ActiveCfg = Release|Any CPU
		{fa0d0867-5e47-0879-1295-04dcc97f7f11}.Release|Any CPU.Build.0 = Release|Any CPU
		{332f4bb9-fcf7-55b7-f5c0-0fa93fbbf83e}.Debug|Any CPU.ActiveCfg = Debug|Any CPU
		{332f4bb9-fcf7-55b7-f5c0-0fa93fbbf83e}.Debug|Any CPU.Build.0 = Debug|Any CPU
		{332f4bb9-fcf7-55b7-f5c0-0fa93fbbf83e}.Release|Any CPU.ActiveCfg = Release|Any CPU
		{332f4bb9-fcf7-55b7-f5c0-0fa93fbbf83e}.Release|Any CPU.Build.0 = Release|Any CPU
		{5e4aa942-ac9d-2535-fc8e-287d80c7cdbd}.Debug|Any CPU.ActiveCfg = Debug|Any CPU
		{5e4aa942-ac9d-2535-fc8e-287d80c7cdbd}.Debug|Any CPU.Build.0 = Debug|Any CPU
		{5e4aa942-ac9d-2535-fc8e-287d80c7cdbd}.Release|Any CPU.ActiveCfg = Release|Any CPU
		{5e4aa942-ac9d-2535-fc8e-287d80c7cdbd}.Release|Any CPU.Build.0 = Release|Any CPU
		{55bb0dc6-0ee1-0ff0-bf75-c35846a506b9}.Debug|Any CPU.ActiveCfg = Debug|Any CPU
		{55bb0dc6-0ee1-0ff0-bf75-c35846a506b9}.Debug|Any CPU.Build.0 = Debug|Any CPU
		{55bb0dc6-0ee1-0ff0-bf75-c35846a506b9}.Release|Any CPU.ActiveCfg = Release|Any CPU
		{55bb0dc6-0ee1-0ff0-bf75-c35846a506b9}.Release|Any CPU.Build.0 = Release|Any CPU
		{4e9bb337-7cac-42d9-0fe8-ea6df576e798}.Debug|Any CPU.ActiveCfg = Debug|Any CPU
		{4e9bb337-7cac-42d9-0fe8-ea6df576e798}.Debug|Any CPU.Build.0 = Debug|Any CPU
		{4e9bb337-7cac-42d9-0fe8-ea6df576e798}.Release|Any CPU.ActiveCfg = Release|Any CPU
		{4e9bb337-7cac-42d9-0fe8-ea6df576e798}.Release|Any CPU.Build.0 = Release|Any CPU
		{3b7c1bbb-c088-91d4-f392-721966d27baf}.Debug|Any CPU.ActiveCfg = Debug|Any CPU
		{3b7c1bbb-c088-91d4-f392-721966d27baf}.Debug|Any CPU.Build.0 = Debug|Any CPU
		{3b7c1bbb-c088-91d4-f392-721966d27baf}.Release|Any CPU.ActiveCfg = Release|Any CPU
		{3b7c1bbb-c088-91d4-f392-721966d27baf}.Release|Any CPU.Build.0 = Release|Any CPU
		{11ce10a6-8a4e-c5ca-aac2-fe1857db6b63}.Debug|Any CPU.ActiveCfg = Debug|Any CPU
		{11ce10a6-8a4e-c5ca-aac2-fe1857db6b63}.Debug|Any CPU.Build.0 = Debug|Any CPU
		{11ce10a6-8a4e-c5ca-aac2-fe1857db6b63}.Release|Any CPU.ActiveCfg = Release|Any CPU
		{11ce10a6-8a4e-c5ca-aac2-fe1857db6b63}.Release|Any CPU.Build.0 = Release|Any CPU
		{7c068e62-2b72-d9ea-b21c-9dc7078c1993}.Debug|Any CPU.ActiveCfg = Debug|Any CPU
		{7c068e62-2b72-d9ea-b21c-9dc7078c1993}.Debug|Any CPU.Build.0 = Debug|Any CPU
		{7c068e62-2b72-d9ea-b21c-9dc7078c1993}.Release|Any CPU.ActiveCfg = Release|Any CPU
		{7c068e62-2b72-d9ea-b21c-9dc7078c1993}.Release|Any CPU.Build.0 = Release|Any CPU
	EndGlobalSection
	GlobalSection(SolutionProperties) = preSolution
		HideSolutionNode = FALSE
	EndGlobalSection
EndGlobal
